PODS:
  - Alamofire (5.4.3)
  - Flutter (1.0.0)
  - flutter_kakao_login (1.0.0):
    - Flutter
    - KakaoSDKAuth (~> 2.5.2)
    - KakaoSDKCommon (~> 2.5.2)
    - KakaoSDKUser (~> 2.5.2)
  - google_maps_flutter (0.0.1):
    - Flutter
    - GoogleMaps
  - GoogleMaps (5.0.0):
    - GoogleMaps/Maps (= 5.0.0)
  - GoogleMaps/Base (5.0.0)
  - GoogleMaps/Maps (5.0.0):
    - GoogleMaps/Base
  - KakaoSDK (2.5.3):
    - KakaoSDKAuth (= 2.5.3)
    - KakaoSDKCommon (= 2.5.3)
    - KakaoSDKLink (= 2.5.3)
    - KakaoSDKNavi (= 2.5.3)
    - KakaoSDKStory (= 2.5.3)
    - KakaoSDKTalk (= 2.5.3)
    - KakaoSDKTemplate (= 2.5.3)
    - KakaoSDKUser (= 2.5.3)
  - KakaoSDKAuth (2.5.3):
    - KakaoSDKCommon (= 2.5.3)
  - KakaoSDKCommon (2.5.3):
    - KakaoSDKCommon/Common (= 2.5.3)
    - KakaoSDKCommon/Network (= 2.5.3)
  - KakaoSDKCommon/Common (2.5.3)
  - KakaoSDKCommon/Network (2.5.3):
    - Alamofire (~> 5.1)
    - KakaoSDKCommon/Common (= 2.5.3)
  - KakaoSDKLink (2.5.3):
    - KakaoSDKCommon (= 2.5.3)
    - KakaoSDKTemplate (= 2.5.3)
  - KakaoSDKNavi (2.5.3):
    - KakaoSDKCommon/Common (= 2.5.3)
  - KakaoSDKStory (2.5.3):
    - KakaoSDKUser (= 2.5.3)
  - KakaoSDKTalk (2.5.3):
    - KakaoSDKTemplate (= 2.5.3)
    - KakaoSDKUser (= 2.5.3)
  - KakaoSDKTemplate (2.5.3):
    - KakaoSDKCommon/Common (= 2.5.3)
  - KakaoSDKUser (2.5.3):
    - KakaoSDKAuth (= 2.5.3)
  - location (0.0.1):
    - Flutter
  - shared_preferences (0.0.1):
    - Flutter
  - url_launcher (0.0.1):
    - Flutter

DEPENDENCIES:
  - Flutter (from `Flutter`)
  - flutter_kakao_login (from `.symlinks/plugins/flutter_kakao_login/ios`)
  - google_maps_flutter (from `.symlinks/plugins/google_maps_flutter/ios`)
  - KakaoSDK
  - location (from `.symlinks/plugins/location/ios`)
  - shared_preferences (from `.symlinks/plugins/shared_preferences/ios`)
  - url_launcher (from `.symlinks/plugins/url_launcher/ios`)

SPEC REPOS:
  trunk:
    - Alamofire
    - GoogleMaps
    - KakaoSDK
    - KakaoSDKAuth
    - KakaoSDKCommon
    - KakaoSDKLink
    - KakaoSDKNavi
    - KakaoSDKStory
    - KakaoSDKTalk
    - KakaoSDKTemplate
    - KakaoSDKUser

EXTERNAL SOURCES:
  Flutter:
    :path: Flutter
  flutter_kakao_login:
    :path: ".symlinks/plugins/flutter_kakao_login/ios"
  google_maps_flutter:
    :path: ".symlinks/plugins/google_maps_flutter/ios"
  location:
    :path: ".symlinks/plugins/location/ios"
  shared_preferences:
    :path: ".symlinks/plugins/shared_preferences/ios"
  url_launcher:
    :path: ".symlinks/plugins/url_launcher/ios"

SPEC CHECKSUMS:
  Alamofire: e447a2774a40c996748296fa2c55112fdbbc42f9
  Flutter: 434fef37c0980e73bb6479ef766c45957d4b510c
  flutter_kakao_login: 46eae417e1086f27d0e8fdeabbc236909c3098f3
  google_maps_flutter: df4e7de95264aa0a2f11aac0fc7e313acb8ffc7e
  GoogleMaps: 600e5e69bdf7f4ed7cac4d6aa96c7ec08a5aa254
  KakaoSDK: 61f5d72d4c90188bf3d6567ffeef42d2827e9f77
  KakaoSDKAuth: b1a0b9a84c21c967c4139d221edce83a7f15cdfe
  KakaoSDKCommon: 08548932f6f570215ea038241a98157c0b3f7a8b
  KakaoSDKLink: 4d35879b0abd90fbd0bc0de56dbb06097e9b31d3
  KakaoSDKNavi: 31fd6ad030cf7200d546202cbe22f7a8b38eb983
  KakaoSDKStory: 6d666f665fbe4b8453ce19959b9bb9e3bf38a5df
  KakaoSDKTalk: 58cf9c530cc8024ae2ed3839d40acd992ecaf909
  KakaoSDKTemplate: 5939681de6c24fd81e93bf824982e979e794f87e
  KakaoSDKUser: 5d2de71fe070455bbaaad6a37af3eb500fbc8972
  location: 3a2eed4dd2fab25e7b7baf2a9efefe82b512d740
  shared_preferences: af6bfa751691cdc24be3045c43ec037377ada40d
  url_launcher: 6fef411d543ceb26efce54b05a0a40bfd74cbbef

PODFILE CHECKSUM: 697b73efc2410d6589d5ef70b378e84921b93582

COCOAPODS: 1.10.1
